
Microsoft Visual Studio Solution File, Format Version 12.00
# Visual Studio Version 17
VisualStudioVersion = 17.8.34330.188
MinimumVisualStudioVersion = 10.0.40219.1
Project("{FAE04EC0-301F-11D3-BF4B-00C04F79EFBC}") = "PaginationTest", "PaginationTest.csproj", "{F72DC525-7B96-4C8A-8656-3BC5005882FF}"
EndProject
Global
	GlobalSection(SolutionConfigurationPlatforms) = preSolution
		Debug|Any CPU = Debug|Any CPU
		Release|Any CPU = Release|Any CPU
	EndGlobalSection
	GlobalSection(ProjectConfigurationPlatforms) = postSolution
		{F72DC525-7B96-4C8A-8656-3BC5005882FF}.Debug|Any CPU.ActiveCfg = Debug|Any CPU
		{F72DC525-7B96-4C8A-8656-3BC5005882FF}.Debug|Any CPU.Build.0 = Debug|Any CPU
		{F72DC525-7B96-4C8A-8656-3BC5005882FF}.Release|Any CPU.ActiveCfg = Release|Any CPU
		{F72DC525-7B96-4C8A-8656-3BC5005882FF}.Release|Any CPU.Build.0 = Release|Any CPU
	EndGlobalSection
	GlobalSection(SolutionProperties) = preSolution
		HideSolutionNode = FALSE
	EndGlobalSection
	GlobalSection(ExtensibilityGlobals) = postSolution
		SolutionGuid = {97906D9F-B9B4-4FDD-B9AF-A7F5EF668009}
	EndGlobalSection
EndGlobal
